
Microsoft Visual Studio Solution File, Format Version 12.00
# Visual Studio 15
VisualStudioVersion = 15.0.27703.2035
MinimumVisualStudioVersion = 10.0.40219.1
Project("{FAE04EC0-301F-11D3-BF4B-00C04F79EFBC}") = "Snowclone", "Snowclone\Snowclone.csproj", "{24431214-53EA-4846-ACC9-D86001B9CF24}"
EndProject
Project("{FAE04EC0-301F-11D3-BF4B-00C04F79EFBC}") = "Snowclone.Client", "Snowclone.Client\Snowclone.Client.csproj", "{D037811C-DDED-47C4-A9A3-008518658C01}"
EndProject
Global
	GlobalSection(SolutionConfigurationPlatforms) = preSolution
		Debug|Any CPU = Debug|Any CPU
		Release|Any CPU = Release|Any CPU
	EndGlobalSection
	GlobalSection(ProjectConfigurationPlatforms) = postSolution
		{24431214-53EA-4846-ACC9-D86001B9CF24}.Debug|Any CPU.ActiveCfg = Debug|Any CPU
		{24431214-53EA-4846-ACC9-D86001B9CF24}.Debug|Any CPU.Build.0 = Debug|Any CPU
		{24431214-53EA-4846-ACC9-D86001B9CF24}.Release|Any CPU.ActiveCfg = Release|Any CPU
		{24431214-53EA-4846-ACC9-D86001B9CF24}.Release|Any CPU.Build.0 = Release|Any CPU
		{D037811C-DDED-47C4-A9A3-008518658C01}.Debug|Any CPU.ActiveCfg = Debug|Any CPU
		{D037811C-DDED-47C4-A9A3-008518658C01}.Debug|Any CPU.Build.0 = Debug|Any CPU
		{D037811C-DDED-47C4-A9A3-008518658C01}.Release|Any CPU.ActiveCfg = Release|Any CPU
		{D037811C-DDED-47C4-A9A3-008518658C01}.Release|Any CPU.Build.0 = Release|Any CPU
	EndGlobalSection
	GlobalSection(SolutionProperties) = preSolution
		HideSolutionNode = FALSE
	EndGlobalSection
	GlobalSection(ExtensibilityGlobals) = postSolution
		SolutionGuid = {33D6A8C7-E525-4785-A035-1E1615CFE7F1}
	EndGlobalSection
EndGlobal
